
Microsoft Visual Studio Solution File, Format Version 12.00
# Visual Studio Version 16
VisualStudioVersion = 16.0.30204.135
MinimumVisualStudioVersion = 10.0.40219.1
Project("{FAE04EC0-301F-11D3-BF4B-00C04F79EFBC}") = "ModdAnalyserForTVSBatch", "ModdAnalyserForTVSBatch\ModdAnalyserForTVSBatch.csproj", "{DBEA4360-0883-40CF-9F1E-E359432856E2}"
EndProject
Project("{FAE04EC0-301F-11D3-BF4B-00C04F79EFBC}") = "MoodAnalyserTestProject", "MoodAnalyserTestProject\MoodAnalyserTestProject.csproj", "{D30DC38F-FC61-4B83-8FF3-DA2CA46A68C2}"
EndProject
Global
	GlobalSection(SolutionConfigurationPlatforms) = preSolution
		Debug|Any CPU = Debug|Any CPU
		Release|Any CPU = Release|Any CPU
	EndGlobalSection
	GlobalSection(ProjectConfigurationPlatforms) = postSolution
		{DBEA4360-0883-40CF-9F1E-E359432856E2}.Debug|Any CPU.ActiveCfg = Debug|Any CPU
		{DBEA4360-0883-40CF-9F1E-E359432856E2}.Debug|Any CPU.Build.0 = Debug|Any CPU
		{DBEA4360-0883-40CF-9F1E-E359432856E2}.Release|Any CPU.ActiveCfg = Release|Any CPU
		{DBEA4360-0883-40CF-9F1E-E359432856E2}.Release|Any CPU.Build.0 = Release|Any CPU
		{D30DC38F-FC61-4B83-8FF3-DA2CA46A68C2}.Debug|Any CPU.ActiveCfg = Debug|Any CPU
		{D30DC38F-FC61-4B83-8FF3-DA2CA46A68C2}.Debug|Any CPU.Build.0 = Debug|Any CPU
		{D30DC38F-FC61-4B83-8FF3-DA2CA46A68C2}.Release|Any CPU.ActiveCfg = Release|Any CPU
		{D30DC38F-FC61-4B83-8FF3-DA2CA46A68C2}.Release|Any CPU.Build.0 = Release|Any CPU
	EndGlobalSection
	GlobalSection(SolutionProperties) = preSolution
		HideSolutionNode = FALSE
	EndGlobalSection
	GlobalSection(ExtensibilityGlobals) = postSolution
		SolutionGuid = {99769353-BCE4-4D28-8E7F-B897CD0AF07F}
	EndGlobalSection
EndGlobal
